// !$*UTF8*$!
{
	archiveVersion = 1;
	classes = {
	};
	objectVersion = 56;
	objects = {

/* Begin PBXBuildFile section */
		624E09B029F70A96001E1BD2 /* EmojiViewCell.swift in Sources */ = {isa = PBXBuildFile; fileRef = 624E09AF29F70A96001E1BD2 /* EmojiViewCell.swift */; };
		624E09B229F85ED7001E1BD2 /* ColorViewCell.swift in Sources */ = {isa = PBXBuildFile; fileRef = 624E09B129F85ED7001E1BD2 /* ColorViewCell.swift */; };
		624E09B429FE7813001E1BD2 /* EmojiRepository.swift in Sources */ = {isa = PBXBuildFile; fileRef = 624E09B329FE7813001E1BD2 /* EmojiRepository.swift */; };
		624E09B629FE7906001E1BD2 /* ColorSelectionRepository.swift in Sources */ = {isa = PBXBuildFile; fileRef = 624E09B529FE7906001E1BD2 /* ColorSelectionRepository.swift */; };
		624E09B92A001610001E1BD2 /* TrackerStore.swift in Sources */ = {isa = PBXBuildFile; fileRef = 624E09B82A001610001E1BD2 /* TrackerStore.swift */; };
		624E09BB2A001638001E1BD2 /* TrackerCategoryStore.swift in Sources */ = {isa = PBXBuildFile; fileRef = 624E09BA2A001638001E1BD2 /* TrackerCategoryStore.swift */; };
		624E09BD2A0016AA001E1BD2 /* TrackerRecordStore.swift in Sources */ = {isa = PBXBuildFile; fileRef = 624E09BC2A0016AA001E1BD2 /* TrackerRecordStore.swift */; };
		624E09C02A001738001E1BD2 /* TrackerDataModel.xcdatamodeld in Sources */ = {isa = PBXBuildFile; fileRef = 624E09BE2A001738001E1BD2 /* TrackerDataModel.xcdatamodeld */; };
		624E09C22A001E03001E1BD2 /* Store.swift in Sources */ = {isa = PBXBuildFile; fileRef = 624E09C12A001E03001E1BD2 /* Store.swift */; };
		624E09C42A002425001E1BD2 /* StoreDelegate.swift in Sources */ = {isa = PBXBuildFile; fileRef = 624E09C32A002425001E1BD2 /* StoreDelegate.swift */; };
		625A20A129E0AF4900B6F79B /* CreateTrackerTypeViewController.swift in Sources */ = {isa = PBXBuildFile; fileRef = 625A20A029E0AF4900B6F79B /* CreateTrackerTypeViewController.swift */; };
		625A20A329E2031700B6F79B /* TrackerDetailsViewController.swift in Sources */ = {isa = PBXBuildFile; fileRef = 625A20A229E2031700B6F79B /* TrackerDetailsViewController.swift */; };
		625A20A529E203B200B6F79B /* TrackerType.swift in Sources */ = {isa = PBXBuildFile; fileRef = 625A20A429E203B200B6F79B /* TrackerType.swift */; };
		625A20A929E4341A00B6F79B /* TrackerConfigCell.swift in Sources */ = {isa = PBXBuildFile; fileRef = 625A20A829E4341A00B6F79B /* TrackerConfigCell.swift */; };
		625A628129E556BD00942818 /* ScheduleViewController.swift in Sources */ = {isa = PBXBuildFile; fileRef = 625A628029E556BD00942818 /* ScheduleViewController.swift */; };
		625A628329E5FA0300942818 /* ScheduleViewCell.swift in Sources */ = {isa = PBXBuildFile; fileRef = 625A628229E5FA0300942818 /* ScheduleViewCell.swift */; };
		626AA9492A0E4F1000770CB9 /* OnboardingPageViewController.swift in Sources */ = {isa = PBXBuildFile; fileRef = 626AA9482A0E4F1000770CB9 /* OnboardingPageViewController.swift */; };
		626AA94C2A10D75A00770CB9 /* OnboardingModel.swift in Sources */ = {isa = PBXBuildFile; fileRef = 626AA94B2A10D75A00770CB9 /* OnboardingModel.swift */; };
		626AA94E2A10E0D300770CB9 /* OnboardingViewController.swift in Sources */ = {isa = PBXBuildFile; fileRef = 626AA94D2A10E0D300770CB9 /* OnboardingViewController.swift */; };
		626AA9512A110AED00770CB9 /* TrackerCategoryListViewController.swift in Sources */ = {isa = PBXBuildFile; fileRef = 626AA9502A110AED00770CB9 /* TrackerCategoryListViewController.swift */; };
		626AA9532A110B1C00770CB9 /* TrackerCategoryViewModel.swift in Sources */ = {isa = PBXBuildFile; fileRef = 626AA9522A110B1C00770CB9 /* TrackerCategoryViewModel.swift */; };
		626AA9552A115F9E00770CB9 /* TrackerCategoryViewCell.swift in Sources */ = {isa = PBXBuildFile; fileRef = 626AA9542A115F9E00770CB9 /* TrackerCategoryViewCell.swift */; };
		62991D902A2673AC00C3C3A7 /* TrackerDetailsView.swift in Sources */ = {isa = PBXBuildFile; fileRef = 62991D8F2A2673AC00C3C3A7 /* TrackerDetailsView.swift */; };
		62AE78832A25FCE300E59E3A /* Array+Common.swift in Sources */ = {isa = PBXBuildFile; fileRef = 62AE78822A25FCE300E59E3A /* Array+Common.swift */; };
		62BD1BD62A287C7700859E52 /* TrackerTests.swift in Sources */ = {isa = PBXBuildFile; fileRef = 62BD1BD52A287C7700859E52 /* TrackerTests.swift */; };
		62BD1BDE2A287CA200859E52 /* SnapshotTesting in Frameworks */ = {isa = PBXBuildFile; productRef = 62BD1BDD2A287CA200859E52 /* SnapshotTesting */; };
		62BD1BE12A2902F100859E52 /* AnalyticsService.swift in Sources */ = {isa = PBXBuildFile; fileRef = 62BD1BE02A2902F100859E52 /* AnalyticsService.swift */; };
		62BDAA2C29DE1B2E00F95F4D /* TrackerCategory.swift in Sources */ = {isa = PBXBuildFile; fileRef = 62BDAA2B29DE1B2E00F95F4D /* TrackerCategory.swift */; };
		62BDAA2E29DF63F000F95F4D /* TrackerRecord.swift in Sources */ = {isa = PBXBuildFile; fileRef = 62BDAA2D29DF63F000F95F4D /* TrackerRecord.swift */; };
		62ECD8F329D5C489008956CE /* AppDelegate.swift in Sources */ = {isa = PBXBuildFile; fileRef = 62ECD8F229D5C489008956CE /* AppDelegate.swift */; };
		62ECD8FA29D5C489008956CE /* Main.storyboard in Resources */ = {isa = PBXBuildFile; fileRef = 62ECD8F829D5C489008956CE /* Main.storyboard */; };
		62ECD8FC29D5C48B008956CE /* Assets.xcassets in Resources */ = {isa = PBXBuildFile; fileRef = 62ECD8FB29D5C48B008956CE /* Assets.xcassets */; };
		62ECD8FF29D5C48B008956CE /* LaunchScreen.storyboard in Resources */ = {isa = PBXBuildFile; fileRef = 62ECD8FD29D5C48B008956CE /* LaunchScreen.storyboard */; };
		62ECD90829D7809A008956CE /* TabBarController.swift in Sources */ = {isa = PBXBuildFile; fileRef = 62ECD90729D7809A008956CE /* TabBarController.swift */; };
		62ECD90B29D784B9008956CE /* UIColor+Common.swift in Sources */ = {isa = PBXBuildFile; fileRef = 62ECD90A29D784B9008956CE /* UIColor+Common.swift */; };
		62ECD90E29D78E78008956CE /* ApplicationFlowRouter.swift in Sources */ = {isa = PBXBuildFile; fileRef = 62ECD90D29D78E78008956CE /* ApplicationFlowRouter.swift */; };
		62ECD91229D78F0D008956CE /* StatisticsViewController.swift in Sources */ = {isa = PBXBuildFile; fileRef = 62ECD91129D78F0D008956CE /* StatisticsViewController.swift */; };
		62ECD91429D78F1E008956CE /* TrackersViewController.swift in Sources */ = {isa = PBXBuildFile; fileRef = 62ECD91329D78F1E008956CE /* TrackersViewController.swift */; };
		62ECD91729DCC12D008956CE /* Tracker.swift in Sources */ = {isa = PBXBuildFile; fileRef = 62ECD91629DCC12D008956CE /* Tracker.swift */; };
		62ECD91929DCC202008956CE /* Day.swift in Sources */ = {isa = PBXBuildFile; fileRef = 62ECD91829DCC202008956CE /* Day.swift */; };
		62F1E97D2A17D7D700C5FD33 /* Observable.swift in Sources */ = {isa = PBXBuildFile; fileRef = 62F1E97C2A17D7D700C5FD33 /* Observable.swift */; };
		62F1E97F2A17F20800C5FD33 /* TrackerCategoryDelegate.swift in Sources */ = {isa = PBXBuildFile; fileRef = 62F1E97E2A17F20800C5FD33 /* TrackerCategoryDelegate.swift */; };
		62F1E9812A17FC9700C5FD33 /* CreateTrackerCategoryViewController.swift in Sources */ = {isa = PBXBuildFile; fileRef = 62F1E9802A17FC9700C5FD33 /* CreateTrackerCategoryViewController.swift */; };
		62F274F429E7F6D2009B9862 /* ScheduleDelegate.swift in Sources */ = {isa = PBXBuildFile; fileRef = 62F274F329E7F6D2009B9862 /* ScheduleDelegate.swift */; };
		62F274F629E81CFF009B9862 /* TrackerViewCell.swift in Sources */ = {isa = PBXBuildFile; fileRef = 62F274F529E81CFF009B9862 /* TrackerViewCell.swift */; };
		62F274F829E98914009B9862 /* TrackerView.swift in Sources */ = {isa = PBXBuildFile; fileRef = 62F274F729E98914009B9862 /* TrackerView.swift */; };
		62F274FA29E9F081009B9862 /* CategoryTrackerViewCell.swift in Sources */ = {isa = PBXBuildFile; fileRef = 62F274F929E9F081009B9862 /* CategoryTrackerViewCell.swift */; };
		62F274FC29E9FF73009B9862 /* Int+Common.swift in Sources */ = {isa = PBXBuildFile; fileRef = 62F274FB29E9FF73009B9862 /* Int+Common.swift */; };
		62F274FF29EB39A3009B9862 /* TrackersRepository.swift in Sources */ = {isa = PBXBuildFile; fileRef = 62F274FE29EB39A3009B9862 /* TrackersRepository.swift */; };
		62F2750129ED576C009B9862 /* String+Common.swift in Sources */ = {isa = PBXBuildFile; fileRef = 62F2750029ED576C009B9862 /* String+Common.swift */; };
		62F2750329ED5BF4009B9862 /* TrackersPresenter.swift in Sources */ = {isa = PBXBuildFile; fileRef = 62F2750229ED5BF4009B9862 /* TrackersPresenter.swift */; };
		62F2750529ED67C7009B9862 /* Date+Common.swift in Sources */ = {isa = PBXBuildFile; fileRef = 62F2750429ED67C7009B9862 /* Date+Common.swift */; };
		758A58EFB2B17062F6D2183E /* Pods_TrackerTests.framework in Frameworks */ = {isa = PBXBuildFile; fileRef = B0E336A1EEE1FD96132A9635 /* Pods_TrackerTests.framework */; };
		BFA4B698863F43E6E21E438F /* Pods_Tracker.framework in Frameworks */ = {isa = PBXBuildFile; fileRef = 81570DC97258754AAA3894B8 /* Pods_Tracker.framework */; };
/* End PBXBuildFile section */

/* Begin PBXContainerItemProxy section */
		62BD1BD72A287C7700859E52 /* PBXContainerItemProxy */ = {
			isa = PBXContainerItemProxy;
			containerPortal = 62ECD8E729D5C489008956CE /* Project object */;
			proxyType = 1;
			remoteGlobalIDString = 62ECD8EE29D5C489008956CE;
			remoteInfo = Tracker;
		};
/* End PBXContainerItemProxy section */

/* Begin PBXFileReference section */
		4AB124EF97310D938F17C216 /* Pods-Tracker.release.xcconfig */ = {isa = PBXFileReference; includeInIndex = 1; lastKnownFileType = text.xcconfig; name = "Pods-Tracker.release.xcconfig"; path = "Target Support Files/Pods-Tracker/Pods-Tracker.release.xcconfig"; sourceTree = "<group>"; };
		4B21C33FE2F0D53DF161833A /* Pods-Tracker.debug.xcconfig */ = {isa = PBXFileReference; includeInIndex = 1; lastKnownFileType = text.xcconfig; name = "Pods-Tracker.debug.xcconfig"; path = "Target Support Files/Pods-Tracker/Pods-Tracker.debug.xcconfig"; sourceTree = "<group>"; };
		61DCAC20AEAD0C3F2A45B6DE /* Pods-TrackerTests.debug.xcconfig */ = {isa = PBXFileReference; includeInIndex = 1; lastKnownFileType = text.xcconfig; name = "Pods-TrackerTests.debug.xcconfig"; path = "Target Support Files/Pods-TrackerTests/Pods-TrackerTests.debug.xcconfig"; sourceTree = "<group>"; };
		624E09AF29F70A96001E1BD2 /* EmojiViewCell.swift */ = {isa = PBXFileReference; lastKnownFileType = sourcecode.swift; path = EmojiViewCell.swift; sourceTree = "<group>"; };
		624E09B129F85ED7001E1BD2 /* ColorViewCell.swift */ = {isa = PBXFileReference; lastKnownFileType = sourcecode.swift; path = ColorViewCell.swift; sourceTree = "<group>"; };
		624E09B329FE7813001E1BD2 /* EmojiRepository.swift */ = {isa = PBXFileReference; lastKnownFileType = sourcecode.swift; path = EmojiRepository.swift; sourceTree = "<group>"; };
		624E09B529FE7906001E1BD2 /* ColorSelectionRepository.swift */ = {isa = PBXFileReference; lastKnownFileType = sourcecode.swift; path = ColorSelectionRepository.swift; sourceTree = "<group>"; };
		624E09B82A001610001E1BD2 /* TrackerStore.swift */ = {isa = PBXFileReference; lastKnownFileType = sourcecode.swift; path = TrackerStore.swift; sourceTree = "<group>"; };
		624E09BA2A001638001E1BD2 /* TrackerCategoryStore.swift */ = {isa = PBXFileReference; lastKnownFileType = sourcecode.swift; path = TrackerCategoryStore.swift; sourceTree = "<group>"; };
		624E09BC2A0016AA001E1BD2 /* TrackerRecordStore.swift */ = {isa = PBXFileReference; lastKnownFileType = sourcecode.swift; path = TrackerRecordStore.swift; sourceTree = "<group>"; };
		624E09BF2A001738001E1BD2 /* TrackerDataModel.xcdatamodel */ = {isa = PBXFileReference; lastKnownFileType = wrapper.xcdatamodel; path = TrackerDataModel.xcdatamodel; sourceTree = "<group>"; };
		624E09C12A001E03001E1BD2 /* Store.swift */ = {isa = PBXFileReference; lastKnownFileType = sourcecode.swift; path = Store.swift; sourceTree = "<group>"; };
		624E09C32A002425001E1BD2 /* StoreDelegate.swift */ = {isa = PBXFileReference; lastKnownFileType = sourcecode.swift; path = StoreDelegate.swift; sourceTree = "<group>"; };
		625A20A029E0AF4900B6F79B /* CreateTrackerTypeViewController.swift */ = {isa = PBXFileReference; lastKnownFileType = sourcecode.swift; path = CreateTrackerTypeViewController.swift; sourceTree = "<group>"; };
		625A20A229E2031700B6F79B /* TrackerDetailsViewController.swift */ = {isa = PBXFileReference; lastKnownFileType = sourcecode.swift; path = TrackerDetailsViewController.swift; sourceTree = "<group>"; };
		625A20A429E203B200B6F79B /* TrackerType.swift */ = {isa = PBXFileReference; lastKnownFileType = sourcecode.swift; path = TrackerType.swift; sourceTree = "<group>"; };
		625A20A829E4341A00B6F79B /* TrackerConfigCell.swift */ = {isa = PBXFileReference; lastKnownFileType = sourcecode.swift; path = TrackerConfigCell.swift; sourceTree = "<group>"; };
		625A628029E556BD00942818 /* ScheduleViewController.swift */ = {isa = PBXFileReference; lastKnownFileType = sourcecode.swift; path = ScheduleViewController.swift; sourceTree = "<group>"; };
		625A628229E5FA0300942818 /* ScheduleViewCell.swift */ = {isa = PBXFileReference; lastKnownFileType = sourcecode.swift; path = ScheduleViewCell.swift; sourceTree = "<group>"; };
		626AA9482A0E4F1000770CB9 /* OnboardingPageViewController.swift */ = {isa = PBXFileReference; lastKnownFileType = sourcecode.swift; path = OnboardingPageViewController.swift; sourceTree = "<group>"; };
		626AA94B2A10D75A00770CB9 /* OnboardingModel.swift */ = {isa = PBXFileReference; lastKnownFileType = sourcecode.swift; path = OnboardingModel.swift; sourceTree = "<group>"; };
		626AA94D2A10E0D300770CB9 /* OnboardingViewController.swift */ = {isa = PBXFileReference; lastKnownFileType = sourcecode.swift; path = OnboardingViewController.swift; sourceTree = "<group>"; };
		626AA9502A110AED00770CB9 /* TrackerCategoryListViewController.swift */ = {isa = PBXFileReference; lastKnownFileType = sourcecode.swift; path = TrackerCategoryListViewController.swift; sourceTree = "<group>"; };
		626AA9522A110B1C00770CB9 /* TrackerCategoryViewModel.swift */ = {isa = PBXFileReference; lastKnownFileType = sourcecode.swift; path = TrackerCategoryViewModel.swift; sourceTree = "<group>"; };
		626AA9542A115F9E00770CB9 /* TrackerCategoryViewCell.swift */ = {isa = PBXFileReference; lastKnownFileType = sourcecode.swift; path = TrackerCategoryViewCell.swift; sourceTree = "<group>"; };
		62991D8F2A2673AC00C3C3A7 /* TrackerDetailsView.swift */ = {isa = PBXFileReference; lastKnownFileType = sourcecode.swift; path = TrackerDetailsView.swift; sourceTree = "<group>"; };
		62AE78822A25FCE300E59E3A /* Array+Common.swift */ = {isa = PBXFileReference; lastKnownFileType = sourcecode.swift; path = "Array+Common.swift"; sourceTree = "<group>"; };
		62BD1BD32A287C7700859E52 /* TrackerTests.xctest */ = {isa = PBXFileReference; explicitFileType = wrapper.cfbundle; includeInIndex = 0; path = TrackerTests.xctest; sourceTree = BUILT_PRODUCTS_DIR; };
		62BD1BD52A287C7700859E52 /* TrackerTests.swift */ = {isa = PBXFileReference; lastKnownFileType = sourcecode.swift; path = TrackerTests.swift; sourceTree = "<group>"; };
		62BD1BE02A2902F100859E52 /* AnalyticsService.swift */ = {isa = PBXFileReference; lastKnownFileType = sourcecode.swift; path = AnalyticsService.swift; sourceTree = "<group>"; };
		62BDAA2B29DE1B2E00F95F4D /* TrackerCategory.swift */ = {isa = PBXFileReference; lastKnownFileType = sourcecode.swift; path = TrackerCategory.swift; sourceTree = "<group>"; };
		62BDAA2D29DF63F000F95F4D /* TrackerRecord.swift */ = {isa = PBXFileReference; lastKnownFileType = sourcecode.swift; path = TrackerRecord.swift; sourceTree = "<group>"; };
		62ECD8EF29D5C489008956CE /* Tracker.app */ = {isa = PBXFileReference; explicitFileType = wrapper.application; includeInIndex = 0; path = Tracker.app; sourceTree = BUILT_PRODUCTS_DIR; };
		62ECD8F229D5C489008956CE /* AppDelegate.swift */ = {isa = PBXFileReference; lastKnownFileType = sourcecode.swift; path = AppDelegate.swift; sourceTree = "<group>"; };
		62ECD8F929D5C489008956CE /* Base */ = {isa = PBXFileReference; lastKnownFileType = file.storyboard; name = Base; path = Base.lproj/Main.storyboard; sourceTree = "<group>"; };
		62ECD8FB29D5C48B008956CE /* Assets.xcassets */ = {isa = PBXFileReference; lastKnownFileType = folder.assetcatalog; path = Assets.xcassets; sourceTree = "<group>"; };
		62ECD8FE29D5C48B008956CE /* Base */ = {isa = PBXFileReference; lastKnownFileType = file.storyboard; name = Base; path = Base.lproj/LaunchScreen.storyboard; sourceTree = "<group>"; };
		62ECD90029D5C48B008956CE /* Info.plist */ = {isa = PBXFileReference; lastKnownFileType = text.plist.xml; path = Info.plist; sourceTree = "<group>"; };
		62ECD90729D7809A008956CE /* TabBarController.swift */ = {isa = PBXFileReference; lastKnownFileType = sourcecode.swift; path = TabBarController.swift; sourceTree = "<group>"; };
		62ECD90A29D784B9008956CE /* UIColor+Common.swift */ = {isa = PBXFileReference; lastKnownFileType = sourcecode.swift; path = "UIColor+Common.swift"; sourceTree = "<group>"; };
		62ECD90D29D78E78008956CE /* ApplicationFlowRouter.swift */ = {isa = PBXFileReference; lastKnownFileType = sourcecode.swift; path = ApplicationFlowRouter.swift; sourceTree = "<group>"; };
		62ECD91129D78F0D008956CE /* StatisticsViewController.swift */ = {isa = PBXFileReference; lastKnownFileType = sourcecode.swift; path = StatisticsViewController.swift; sourceTree = "<group>"; };
		62ECD91329D78F1E008956CE /* TrackersViewController.swift */ = {isa = PBXFileReference; lastKnownFileType = sourcecode.swift; path = TrackersViewController.swift; sourceTree = "<group>"; };
		62ECD91629DCC12D008956CE /* Tracker.swift */ = {isa = PBXFileReference; lastKnownFileType = sourcecode.swift; path = Tracker.swift; sourceTree = "<group>"; };
		62ECD91829DCC202008956CE /* Day.swift */ = {isa = PBXFileReference; lastKnownFileType = sourcecode.swift; path = Day.swift; sourceTree = "<group>"; };
		62F1E97C2A17D7D700C5FD33 /* Observable.swift */ = {isa = PBXFileReference; lastKnownFileType = sourcecode.swift; path = Observable.swift; sourceTree = "<group>"; };
		62F1E97E2A17F20800C5FD33 /* TrackerCategoryDelegate.swift */ = {isa = PBXFileReference; lastKnownFileType = sourcecode.swift; path = TrackerCategoryDelegate.swift; sourceTree = "<group>"; };
		62F1E9802A17FC9700C5FD33 /* CreateTrackerCategoryViewController.swift */ = {isa = PBXFileReference; lastKnownFileType = sourcecode.swift; path = CreateTrackerCategoryViewController.swift; sourceTree = "<group>"; };
		62F274F329E7F6D2009B9862 /* ScheduleDelegate.swift */ = {isa = PBXFileReference; lastKnownFileType = sourcecode.swift; path = ScheduleDelegate.swift; sourceTree = "<group>"; };
		62F274F529E81CFF009B9862 /* TrackerViewCell.swift */ = {isa = PBXFileReference; lastKnownFileType = sourcecode.swift; path = TrackerViewCell.swift; sourceTree = "<group>"; };
		62F274F729E98914009B9862 /* TrackerView.swift */ = {isa = PBXFileReference; lastKnownFileType = sourcecode.swift; path = TrackerView.swift; sourceTree = "<group>"; };
		62F274F929E9F081009B9862 /* CategoryTrackerViewCell.swift */ = {isa = PBXFileReference; lastKnownFileType = sourcecode.swift; path = CategoryTrackerViewCell.swift; sourceTree = "<group>"; };
		62F274FB29E9FF73009B9862 /* Int+Common.swift */ = {isa = PBXFileReference; lastKnownFileType = sourcecode.swift; path = "Int+Common.swift"; sourceTree = "<group>"; };
		62F274FE29EB39A3009B9862 /* TrackersRepository.swift */ = {isa = PBXFileReference; lastKnownFileType = sourcecode.swift; path = TrackersRepository.swift; sourceTree = "<group>"; };
		62F2750029ED576C009B9862 /* String+Common.swift */ = {isa = PBXFileReference; lastKnownFileType = sourcecode.swift; path = "String+Common.swift"; sourceTree = "<group>"; };
		62F2750229ED5BF4009B9862 /* TrackersPresenter.swift */ = {isa = PBXFileReference; lastKnownFileType = sourcecode.swift; path = TrackersPresenter.swift; sourceTree = "<group>"; };
		62F2750429ED67C7009B9862 /* Date+Common.swift */ = {isa = PBXFileReference; lastKnownFileType = sourcecode.swift; path = "Date+Common.swift"; sourceTree = "<group>"; };
		81570DC97258754AAA3894B8 /* Pods_Tracker.framework */ = {isa = PBXFileReference; explicitFileType = wrapper.framework; includeInIndex = 0; path = Pods_Tracker.framework; sourceTree = BUILT_PRODUCTS_DIR; };
		A966EF82BF8E74D8F688A635 /* Pods-TrackerTests.release.xcconfig */ = {isa = PBXFileReference; includeInIndex = 1; lastKnownFileType = text.xcconfig; name = "Pods-TrackerTests.release.xcconfig"; path = "Target Support Files/Pods-TrackerTests/Pods-TrackerTests.release.xcconfig"; sourceTree = "<group>"; };
		B0E336A1EEE1FD96132A9635 /* Pods_TrackerTests.framework */ = {isa = PBXFileReference; explicitFileType = wrapper.framework; includeInIndex = 0; path = Pods_TrackerTests.framework; sourceTree = BUILT_PRODUCTS_DIR; };
/* End PBXFileReference section */

/* Begin PBXFrameworksBuildPhase section */
		62BD1BD02A287C7700859E52 /* Frameworks */ = {
			isa = PBXFrameworksBuildPhase;
			buildActionMask = 2147483647;
			files = (
				62BD1BDE2A287CA200859E52 /* SnapshotTesting in Frameworks */,
				758A58EFB2B17062F6D2183E /* Pods_TrackerTests.framework in Frameworks */,
			);
			runOnlyForDeploymentPostprocessing = 0;
		};
		62ECD8EC29D5C489008956CE /* Frameworks */ = {
			isa = PBXFrameworksBuildPhase;
			buildActionMask = 2147483647;
			files = (
				BFA4B698863F43E6E21E438F /* Pods_Tracker.framework in Frameworks */,
			);
			runOnlyForDeploymentPostprocessing = 0;
		};
/* End PBXFrameworksBuildPhase section */

/* Begin PBXGroup section */
		624E09B72A0015F1001E1BD2 /* Store */ = {
			isa = PBXGroup;
			children = (
				624E09B82A001610001E1BD2 /* TrackerStore.swift */,
				624E09BA2A001638001E1BD2 /* TrackerCategoryStore.swift */,
				624E09BC2A0016AA001E1BD2 /* TrackerRecordStore.swift */,
				624E09C12A001E03001E1BD2 /* Store.swift */,
				624E09C32A002425001E1BD2 /* StoreDelegate.swift */,
			);
			path = Store;
			sourceTree = "<group>";
		};
		625A209F29E0AF2600B6F79B /* Create */ = {
			isa = PBXGroup;
			children = (
				626AA94F2A110ACB00770CB9 /* Category */,
				625A20A029E0AF4900B6F79B /* CreateTrackerTypeViewController.swift */,
				625A20A229E2031700B6F79B /* TrackerDetailsViewController.swift */,
				625A20A829E4341A00B6F79B /* TrackerConfigCell.swift */,
				625A628029E556BD00942818 /* ScheduleViewController.swift */,
				625A628229E5FA0300942818 /* ScheduleViewCell.swift */,
				62F274F329E7F6D2009B9862 /* ScheduleDelegate.swift */,
				624E09AF29F70A96001E1BD2 /* EmojiViewCell.swift */,
				624E09B129F85ED7001E1BD2 /* ColorViewCell.swift */,
			);
			path = Create;
			sourceTree = "<group>";
		};
		626AA9472A0E4ED600770CB9 /* Onboarding */ = {
			isa = PBXGroup;
			children = (
				626AA9482A0E4F1000770CB9 /* OnboardingPageViewController.swift */,
				626AA94D2A10E0D300770CB9 /* OnboardingViewController.swift */,
			);
			path = Onboarding;
			sourceTree = "<group>";
		};
		626AA94A2A10D74200770CB9 /* Onboarding */ = {
			isa = PBXGroup;
			children = (
				626AA94B2A10D75A00770CB9 /* OnboardingModel.swift */,
			);
			path = Onboarding;
			sourceTree = "<group>";
		};
		626AA94F2A110ACB00770CB9 /* Category */ = {
			isa = PBXGroup;
			children = (
				626AA9502A110AED00770CB9 /* TrackerCategoryListViewController.swift */,
				626AA9522A110B1C00770CB9 /* TrackerCategoryViewModel.swift */,
				626AA9542A115F9E00770CB9 /* TrackerCategoryViewCell.swift */,
				62F1E97E2A17F20800C5FD33 /* TrackerCategoryDelegate.swift */,
				62F1E9802A17FC9700C5FD33 /* CreateTrackerCategoryViewController.swift */,
			);
			path = Category;
			sourceTree = "<group>";
		};
		62BD1BD42A287C7700859E52 /* TrackerTests */ = {
			isa = PBXGroup;
			children = (
				62BD1BD52A287C7700859E52 /* TrackerTests.swift */,
			);
			path = TrackerTests;
			sourceTree = "<group>";
		};
		62BD1BDC2A287CA200859E52 /* Frameworks */ = {
			isa = PBXGroup;
			children = (
				81570DC97258754AAA3894B8 /* Pods_Tracker.framework */,
				B0E336A1EEE1FD96132A9635 /* Pods_TrackerTests.framework */,
			);
			name = Frameworks;
			sourceTree = "<group>";
		};
		62BD1BDF2A2902D700859E52 /* Services */ = {
			isa = PBXGroup;
			children = (
				62BD1BE02A2902F100859E52 /* AnalyticsService.swift */,
			);
			path = Services;
			sourceTree = "<group>";
		};
		62ECD8E629D5C489008956CE = {
			isa = PBXGroup;
			children = (
				62ECD8F129D5C489008956CE /* Tracker */,
				62BD1BD42A287C7700859E52 /* TrackerTests */,
				62ECD8F029D5C489008956CE /* Products */,
				62BD1BDC2A287CA200859E52 /* Frameworks */,
				F8006CE8DBFFE97115BA11E0 /* Pods */,
			);
			sourceTree = "<group>";
		};
		62ECD8F029D5C489008956CE /* Products */ = {
			isa = PBXGroup;
			children = (
				62ECD8EF29D5C489008956CE /* Tracker.app */,
				62BD1BD32A287C7700859E52 /* TrackerTests.xctest */,
			);
			name = Products;
			sourceTree = "<group>";
		};
		62ECD8F129D5C489008956CE /* Tracker */ = {
			isa = PBXGroup;
			children = (
				62BD1BDF2A2902D700859E52 /* Services */,
				62F274FD29EB398A009B9862 /* Data */,
				62ECD91529DCC118008956CE /* Models */,
				62ECD90C29D78E4F008956CE /* Routers */,
				62ECD90929D7849B008956CE /* Utils */,
				62ECD90629D78084008956CE /* Screens */,
				62ECD8F229D5C489008956CE /* AppDelegate.swift */,
				62ECD8F829D5C489008956CE /* Main.storyboard */,
				62ECD8FB29D5C48B008956CE /* Assets.xcassets */,
				62ECD8FD29D5C48B008956CE /* LaunchScreen.storyboard */,
				62ECD90029D5C48B008956CE /* Info.plist */,
				624E09BE2A001738001E1BD2 /* TrackerDataModel.xcdatamodeld */,
			);
			path = Tracker;
			sourceTree = "<group>";
		};
		62ECD90629D78084008956CE /* Screens */ = {
			isa = PBXGroup;
			children = (
				626AA9472A0E4ED600770CB9 /* Onboarding */,
				62ECD91029D78EF5008956CE /* Statistics */,
				62ECD90F29D78EEB008956CE /* Trackers */,
				62ECD90729D7809A008956CE /* TabBarController.swift */,
			);
			path = Screens;
			sourceTree = "<group>";
		};
		62ECD90929D7849B008956CE /* Utils */ = {
			isa = PBXGroup;
			children = (
				62ECD90A29D784B9008956CE /* UIColor+Common.swift */,
				62F274FB29E9FF73009B9862 /* Int+Common.swift */,
				62F2750029ED576C009B9862 /* String+Common.swift */,
				62F2750429ED67C7009B9862 /* Date+Common.swift */,
				62F1E97C2A17D7D700C5FD33 /* Observable.swift */,
				62AE78822A25FCE300E59E3A /* Array+Common.swift */,
			);
			path = Utils;
			sourceTree = "<group>";
		};
		62ECD90C29D78E4F008956CE /* Routers */ = {
			isa = PBXGroup;
			children = (
				62ECD90D29D78E78008956CE /* ApplicationFlowRouter.swift */,
			);
			path = Routers;
			sourceTree = "<group>";
		};
		62ECD90F29D78EEB008956CE /* Trackers */ = {
			isa = PBXGroup;
			children = (
				625A209F29E0AF2600B6F79B /* Create */,
				62ECD91329D78F1E008956CE /* TrackersViewController.swift */,
				62F274F529E81CFF009B9862 /* TrackerViewCell.swift */,
				62F274F929E9F081009B9862 /* CategoryTrackerViewCell.swift */,
				62F2750229ED5BF4009B9862 /* TrackersPresenter.swift */,
			);
			path = Trackers;
			sourceTree = "<group>";
		};
		62ECD91029D78EF5008956CE /* Statistics */ = {
			isa = PBXGroup;
			children = (
				62ECD91129D78F0D008956CE /* StatisticsViewController.swift */,
			);
			path = Statistics;
			sourceTree = "<group>";
		};
		62ECD91529DCC118008956CE /* Models */ = {
			isa = PBXGroup;
			children = (
				626AA94A2A10D74200770CB9 /* Onboarding */,
				62ECD91629DCC12D008956CE /* Tracker.swift */,
				62ECD91829DCC202008956CE /* Day.swift */,
				62BDAA2B29DE1B2E00F95F4D /* TrackerCategory.swift */,
				62BDAA2D29DF63F000F95F4D /* TrackerRecord.swift */,
				625A20A429E203B200B6F79B /* TrackerType.swift */,
				62F274F729E98914009B9862 /* TrackerView.swift */,
				62991D8F2A2673AC00C3C3A7 /* TrackerDetailsView.swift */,
			);
			path = Models;
			sourceTree = "<group>";
		};
		62F274FD29EB398A009B9862 /* Data */ = {
			isa = PBXGroup;
			children = (
				624E09B72A0015F1001E1BD2 /* Store */,
				62F274FE29EB39A3009B9862 /* TrackersRepository.swift */,
				624E09B329FE7813001E1BD2 /* EmojiRepository.swift */,
				624E09B529FE7906001E1BD2 /* ColorSelectionRepository.swift */,
			);
			path = Data;
			sourceTree = "<group>";
		};
		F8006CE8DBFFE97115BA11E0 /* Pods */ = {
			isa = PBXGroup;
			children = (
				4B21C33FE2F0D53DF161833A /* Pods-Tracker.debug.xcconfig */,
				4AB124EF97310D938F17C216 /* Pods-Tracker.release.xcconfig */,
				61DCAC20AEAD0C3F2A45B6DE /* Pods-TrackerTests.debug.xcconfig */,
				A966EF82BF8E74D8F688A635 /* Pods-TrackerTests.release.xcconfig */,
			);
			path = Pods;
			sourceTree = "<group>";
		};
/* End PBXGroup section */

/* Begin PBXNativeTarget section */
		62BD1BD22A287C7700859E52 /* TrackerTests */ = {
			isa = PBXNativeTarget;
			buildConfigurationList = 62BD1BD92A287C7700859E52 /* Build configuration list for PBXNativeTarget "TrackerTests" */;
			buildPhases = (
				152ADFE79F4052A3B63F2719 /* [CP] Check Pods Manifest.lock */,
				62BD1BCF2A287C7700859E52 /* Sources */,
				62BD1BD02A287C7700859E52 /* Frameworks */,
				62BD1BD12A287C7700859E52 /* Resources */,
			);
			buildRules = (
			);
			dependencies = (
				62BD1BD82A287C7700859E52 /* PBXTargetDependency */,
			);
			name = TrackerTests;
			packageProductDependencies = (
				62BD1BDD2A287CA200859E52 /* SnapshotTesting */,
			);
			productName = TrackerTests;
			productReference = 62BD1BD32A287C7700859E52 /* TrackerTests.xctest */;
			productType = "com.apple.product-type.bundle.unit-test";
		};
		62ECD8EE29D5C489008956CE /* Tracker */ = {
			isa = PBXNativeTarget;
			buildConfigurationList = 62ECD90329D5C48B008956CE /* Build configuration list for PBXNativeTarget "Tracker" */;
			buildPhases = (
				47CF40E24CEE4533E9D33469 /* [CP] Check Pods Manifest.lock */,
				62ECD8EB29D5C489008956CE /* Sources */,
				62ECD8EC29D5C489008956CE /* Frameworks */,
				62ECD8ED29D5C489008956CE /* Resources */,
				E9EF0BF51C3A128F821115C7 /* [CP] Embed Pods Frameworks */,
			);
			buildRules = (
			);
			dependencies = (
			);
			name = Tracker;
			productName = Tracker;
			productReference = 62ECD8EF29D5C489008956CE /* Tracker.app */;
			productType = "com.apple.product-type.application";
		};
/* End PBXNativeTarget section */

/* Begin PBXProject section */
		62ECD8E729D5C489008956CE /* Project object */ = {
			isa = PBXProject;
			attributes = {
				BuildIndependentTargetsInParallel = 1;
				LastSwiftUpdateCheck = 1410;
				LastUpgradeCheck = 1410;
				TargetAttributes = {
					62BD1BD22A287C7700859E52 = {
						CreatedOnToolsVersion = 14.1;
						TestTargetID = 62ECD8EE29D5C489008956CE;
					};
					62ECD8EE29D5C489008956CE = {
						CreatedOnToolsVersion = 14.1;
					};
				};
			};
			buildConfigurationList = 62ECD8EA29D5C489008956CE /* Build configuration list for PBXProject "Tracker" */;
			compatibilityVersion = "Xcode 14.0";
			developmentRegion = en;
			hasScannedForEncodings = 0;
			knownRegions = (
				en,
				Base,
			);
			mainGroup = 62ECD8E629D5C489008956CE;
			packageReferences = (
				620A29F52A27ACA80020DC6F /* XCRemoteSwiftPackageReference "swift-snapshot-testing" */,
			);
			productRefGroup = 62ECD8F029D5C489008956CE /* Products */;
			projectDirPath = "";
			projectRoot = "";
			targets = (
				62ECD8EE29D5C489008956CE /* Tracker */,
				62BD1BD22A287C7700859E52 /* TrackerTests */,
			);
		};
/* End PBXProject section */

/* Begin PBXResourcesBuildPhase section */
		62BD1BD12A287C7700859E52 /* Resources */ = {
			isa = PBXResourcesBuildPhase;
			buildActionMask = 2147483647;
			files = (
			);
			runOnlyForDeploymentPostprocessing = 0;
		};
		62ECD8ED29D5C489008956CE /* Resources */ = {
			isa = PBXResourcesBuildPhase;
			buildActionMask = 2147483647;
			files = (
				62ECD8FF29D5C48B008956CE /* LaunchScreen.storyboard in Resources */,
				62ECD8FC29D5C48B008956CE /* Assets.xcassets in Resources */,
				62ECD8FA29D5C489008956CE /* Main.storyboard in Resources */,
			);
			runOnlyForDeploymentPostprocessing = 0;
		};
/* End PBXResourcesBuildPhase section */

/* Begin PBXShellScriptBuildPhase section */
		152ADFE79F4052A3B63F2719 /* [CP] Check Pods Manifest.lock */ = {
			isa = PBXShellScriptBuildPhase;
			buildActionMask = 2147483647;
			files = (
			);
			inputFileListPaths = (
			);
			inputPaths = (
				"${PODS_PODFILE_DIR_PATH}/Podfile.lock",
				"${PODS_ROOT}/Manifest.lock",
			);
			name = "[CP] Check Pods Manifest.lock";
			outputFileListPaths = (
			);
			outputPaths = (
				"$(DERIVED_FILE_DIR)/Pods-TrackerTests-checkManifestLockResult.txt",
			);
			runOnlyForDeploymentPostprocessing = 0;
			shellPath = /bin/sh;
			shellScript = "diff \"${PODS_PODFILE_DIR_PATH}/Podfile.lock\" \"${PODS_ROOT}/Manifest.lock\" > /dev/null\nif [ $? != 0 ] ; then\n    # print error to STDERR\n    echo \"error: The sandbox is not in sync with the Podfile.lock. Run 'pod install' or update your CocoaPods installation.\" >&2\n    exit 1\nfi\n# This output is used by Xcode 'outputs' to avoid re-running this script phase.\necho \"SUCCESS\" > \"${SCRIPT_OUTPUT_FILE_0}\"\n";
			showEnvVarsInLog = 0;
		};
		47CF40E24CEE4533E9D33469 /* [CP] Check Pods Manifest.lock */ = {
			isa = PBXShellScriptBuildPhase;
			buildActionMask = 2147483647;
			files = (
			);
			inputFileListPaths = (
			);
			inputPaths = (
				"${PODS_PODFILE_DIR_PATH}/Podfile.lock",
				"${PODS_ROOT}/Manifest.lock",
			);
			name = "[CP] Check Pods Manifest.lock";
			outputFileListPaths = (
			);
			outputPaths = (
				"$(DERIVED_FILE_DIR)/Pods-Tracker-checkManifestLockResult.txt",
			);
			runOnlyForDeploymentPostprocessing = 0;
			shellPath = /bin/sh;
			shellScript = "diff \"${PODS_PODFILE_DIR_PATH}/Podfile.lock\" \"${PODS_ROOT}/Manifest.lock\" > /dev/null\nif [ $? != 0 ] ; then\n    # print error to STDERR\n    echo \"error: The sandbox is not in sync with the Podfile.lock. Run 'pod install' or update your CocoaPods installation.\" >&2\n    exit 1\nfi\n# This output is used by Xcode 'outputs' to avoid re-running this script phase.\necho \"SUCCESS\" > \"${SCRIPT_OUTPUT_FILE_0}\"\n";
			showEnvVarsInLog = 0;
		};
		E9EF0BF51C3A128F821115C7 /* [CP] Embed Pods Frameworks */ = {
			isa = PBXShellScriptBuildPhase;
			buildActionMask = 2147483647;
			files = (
			);
			inputFileListPaths = (
				"${PODS_ROOT}/Target Support Files/Pods-Tracker/Pods-Tracker-frameworks-${CONFIGURATION}-input-files.xcfilelist",
			);
			name = "[CP] Embed Pods Frameworks";
			outputFileListPaths = (
				"${PODS_ROOT}/Target Support Files/Pods-Tracker/Pods-Tracker-frameworks-${CONFIGURATION}-output-files.xcfilelist",
			);
			runOnlyForDeploymentPostprocessing = 0;
			shellPath = /bin/sh;
			shellScript = "\"${PODS_ROOT}/Target Support Files/Pods-Tracker/Pods-Tracker-frameworks.sh\"\n";
			showEnvVarsInLog = 0;
		};
/* End PBXShellScriptBuildPhase section */

/* Begin PBXSourcesBuildPhase section */
		62BD1BCF2A287C7700859E52 /* Sources */ = {
			isa = PBXSourcesBuildPhase;
			buildActionMask = 2147483647;
			files = (
				62BD1BD62A287C7700859E52 /* TrackerTests.swift in Sources */,
			);
			runOnlyForDeploymentPostprocessing = 0;
		};
		62ECD8EB29D5C489008956CE /* Sources */ = {
			isa = PBXSourcesBuildPhase;
			buildActionMask = 2147483647;
			files = (
				62F274F829E98914009B9862 /* TrackerView.swift in Sources */,
				62F274F429E7F6D2009B9862 /* ScheduleDelegate.swift in Sources */,
				626AA9512A110AED00770CB9 /* TrackerCategoryListViewController.swift in Sources */,
				62F274FF29EB39A3009B9862 /* TrackersRepository.swift in Sources */,
				62AE78832A25FCE300E59E3A /* Array+Common.swift in Sources */,
				625A628129E556BD00942818 /* ScheduleViewController.swift in Sources */,
				62BD1BE12A2902F100859E52 /* AnalyticsService.swift in Sources */,
				626AA9552A115F9E00770CB9 /* TrackerCategoryViewCell.swift in Sources */,
				62ECD91929DCC202008956CE /* Day.swift in Sources */,
				625A20A129E0AF4900B6F79B /* CreateTrackerTypeViewController.swift in Sources */,
				62ECD90829D7809A008956CE /* TabBarController.swift in Sources */,
				625A20A529E203B200B6F79B /* TrackerType.swift in Sources */,
				62F1E97D2A17D7D700C5FD33 /* Observable.swift in Sources */,
				624E09B229F85ED7001E1BD2 /* ColorViewCell.swift in Sources */,
				62F2750129ED576C009B9862 /* String+Common.swift in Sources */,
				625A20A929E4341A00B6F79B /* TrackerConfigCell.swift in Sources */,
				624E09BD2A0016AA001E1BD2 /* TrackerRecordStore.swift in Sources */,
				62F274F629E81CFF009B9862 /* TrackerViewCell.swift in Sources */,
				62BDAA2E29DF63F000F95F4D /* TrackerRecord.swift in Sources */,
				626AA94C2A10D75A00770CB9 /* OnboardingModel.swift in Sources */,
				624E09B629FE7906001E1BD2 /* ColorSelectionRepository.swift in Sources */,
				62991D902A2673AC00C3C3A7 /* TrackerDetailsView.swift in Sources */,
				624E09B92A001610001E1BD2 /* TrackerStore.swift in Sources */,
				626AA9492A0E4F1000770CB9 /* OnboardingPageViewController.swift in Sources */,
				62ECD8F329D5C489008956CE /* AppDelegate.swift in Sources */,
				62BDAA2C29DE1B2E00F95F4D /* TrackerCategory.swift in Sources */,
				624E09C02A001738001E1BD2 /* TrackerDataModel.xcdatamodeld in Sources */,
				625A628329E5FA0300942818 /* ScheduleViewCell.swift in Sources */,
				624E09B429FE7813001E1BD2 /* EmojiRepository.swift in Sources */,
				626AA94E2A10E0D300770CB9 /* OnboardingViewController.swift in Sources */,
				62ECD90E29D78E78008956CE /* ApplicationFlowRouter.swift in Sources */,
				62ECD91729DCC12D008956CE /* Tracker.swift in Sources */,
				62F2750329ED5BF4009B9862 /* TrackersPresenter.swift in Sources */,
				62ECD91429D78F1E008956CE /* TrackersViewController.swift in Sources */,
				62F2750529ED67C7009B9862 /* Date+Common.swift in Sources */,
				624E09BB2A001638001E1BD2 /* TrackerCategoryStore.swift in Sources */,
				624E09C22A001E03001E1BD2 /* Store.swift in Sources */,
				625A20A329E2031700B6F79B /* TrackerDetailsViewController.swift in Sources */,
				624E09B029F70A96001E1BD2 /* EmojiViewCell.swift in Sources */,
				624E09C42A002425001E1BD2 /* StoreDelegate.swift in Sources */,
				626AA9532A110B1C00770CB9 /* TrackerCategoryViewModel.swift in Sources */,
				62F274FA29E9F081009B9862 /* CategoryTrackerViewCell.swift in Sources */,
				62F274FC29E9FF73009B9862 /* Int+Common.swift in Sources */,
				62F1E97F2A17F20800C5FD33 /* TrackerCategoryDelegate.swift in Sources */,
				62F1E9812A17FC9700C5FD33 /* CreateTrackerCategoryViewController.swift in Sources */,
				62ECD90B29D784B9008956CE /* UIColor+Common.swift in Sources */,
				62ECD91229D78F0D008956CE /* StatisticsViewController.swift in Sources */,
			);
			runOnlyForDeploymentPostprocessing = 0;
		};
/* End PBXSourcesBuildPhase section */

/* Begin PBXTargetDependency section */
		62BD1BD82A287C7700859E52 /* PBXTargetDependency */ = {
			isa = PBXTargetDependency;
			target = 62ECD8EE29D5C489008956CE /* Tracker */;
			targetProxy = 62BD1BD72A287C7700859E52 /* PBXContainerItemProxy */;
		};
/* End PBXTargetDependency section */

/* Begin PBXVariantGroup section */
		62ECD8F829D5C489008956CE /* Main.storyboard */ = {
			isa = PBXVariantGroup;
			children = (
				62ECD8F929D5C489008956CE /* Base */,
			);
			name = Main.storyboard;
			sourceTree = "<group>";
		};
		62ECD8FD29D5C48B008956CE /* LaunchScreen.storyboard */ = {
			isa = PBXVariantGroup;
			children = (
				62ECD8FE29D5C48B008956CE /* Base */,
			);
			name = LaunchScreen.storyboard;
			sourceTree = "<group>";
		};
/* End PBXVariantGroup section */

/* Begin XCBuildConfiguration section */
		62BD1BDA2A287C7700859E52 /* Debug */ = {
			isa = XCBuildConfiguration;
			baseConfigurationReference = 61DCAC20AEAD0C3F2A45B6DE /* Pods-TrackerTests.debug.xcconfig */;
			buildSettings = {
				BUNDLE_LOADER = "$(TEST_HOST)";
				CODE_SIGN_STYLE = Automatic;
				CURRENT_PROJECT_VERSION = 1;
				DEVELOPMENT_TEAM = CWGDZRVFYJ;
				GENERATE_INFOPLIST_FILE = YES;
				MARKETING_VERSION = 1.0;
				PRODUCT_BUNDLE_IDENTIFIER = ru.yandex.practicum.dmisuvorov.TrackerTests;
				PRODUCT_NAME = "$(TARGET_NAME)";
				SWIFT_EMIT_LOC_STRINGS = NO;
				SWIFT_VERSION = 5.0;
				TARGETED_DEVICE_FAMILY = "1,2";
				TEST_HOST = "$(BUILT_PRODUCTS_DIR)/Tracker.app/$(BUNDLE_EXECUTABLE_FOLDER_PATH)/Tracker";
			};
			name = Debug;
		};
		62BD1BDB2A287C7700859E52 /* Release */ = {
			isa = XCBuildConfiguration;
			baseConfigurationReference = A966EF82BF8E74D8F688A635 /* Pods-TrackerTests.release.xcconfig */;
			buildSettings = {
				BUNDLE_LOADER = "$(TEST_HOST)";
				CODE_SIGN_STYLE = Automatic;
				CURRENT_PROJECT_VERSION = 1;
				DEVELOPMENT_TEAM = CWGDZRVFYJ;
				GENERATE_INFOPLIST_FILE = YES;
				MARKETING_VERSION = 1.0;
				PRODUCT_BUNDLE_IDENTIFIER = ru.yandex.practicum.dmisuvorov.TrackerTests;
				PRODUCT_NAME = "$(TARGET_NAME)";
				SWIFT_EMIT_LOC_STRINGS = NO;
				SWIFT_VERSION = 5.0;
				TARGETED_DEVICE_FAMILY = "1,2";
				TEST_HOST = "$(BUILT_PRODUCTS_DIR)/Tracker.app/$(BUNDLE_EXECUTABLE_FOLDER_PATH)/Tracker";
			};
			name = Release;
		};
		62ECD90129D5C48B008956CE /* Debug */ = {
			isa = XCBuildConfiguration;
			buildSettings = {
				ALWAYS_SEARCH_USER_PATHS = NO;
				CLANG_ANALYZER_NONNULL = YES;
				CLANG_ANALYZER_NUMBER_OBJECT_CONVERSION = YES_AGGRESSIVE;
				CLANG_CXX_LANGUAGE_STANDARD = "gnu++20";
				CLANG_ENABLE_MODULES = YES;
				CLANG_ENABLE_OBJC_ARC = YES;
				CLANG_ENABLE_OBJC_WEAK = YES;
				CLANG_WARN_BLOCK_CAPTURE_AUTORELEASING = YES;
				CLANG_WARN_BOOL_CONVERSION = YES;
				CLANG_WARN_COMMA = YES;
				CLANG_WARN_CONSTANT_CONVERSION = YES;
				CLANG_WARN_DEPRECATED_OBJC_IMPLEMENTATIONS = YES;
				CLANG_WARN_DIRECT_OBJC_ISA_USAGE = YES_ERROR;
				CLANG_WARN_DOCUMENTATION_COMMENTS = YES;
				CLANG_WARN_EMPTY_BODY = YES;
				CLANG_WARN_ENUM_CONVERSION = YES;
				CLANG_WARN_INFINITE_RECURSION = YES;
				CLANG_WARN_INT_CONVERSION = YES;
				CLANG_WARN_NON_LITERAL_NULL_CONVERSION = YES;
				CLANG_WARN_OBJC_IMPLICIT_RETAIN_SELF = YES;
				CLANG_WARN_OBJC_LITERAL_CONVERSION = YES;
				CLANG_WARN_OBJC_ROOT_CLASS = YES_ERROR;
				CLANG_WARN_QUOTED_INCLUDE_IN_FRAMEWORK_HEADER = YES;
				CLANG_WARN_RANGE_LOOP_ANALYSIS = YES;
				CLANG_WARN_STRICT_PROTOTYPES = YES;
				CLANG_WARN_SUSPICIOUS_MOVE = YES;
				CLANG_WARN_UNGUARDED_AVAILABILITY = YES_AGGRESSIVE;
				CLANG_WARN_UNREACHABLE_CODE = YES;
				CLANG_WARN__DUPLICATE_METHOD_MATCH = YES;
				COPY_PHASE_STRIP = NO;
				DEBUG_INFORMATION_FORMAT = dwarf;
				ENABLE_STRICT_OBJC_MSGSEND = YES;
				ENABLE_TESTABILITY = YES;
				GCC_C_LANGUAGE_STANDARD = gnu11;
				GCC_DYNAMIC_NO_PIC = NO;
				GCC_NO_COMMON_BLOCKS = YES;
				GCC_OPTIMIZATION_LEVEL = 0;
				GCC_PREPROCESSOR_DEFINITIONS = (
					"DEBUG=1",
					"$(inherited)",
				);
				GCC_WARN_64_TO_32_BIT_CONVERSION = YES;
				GCC_WARN_ABOUT_RETURN_TYPE = YES_ERROR;
				GCC_WARN_UNDECLARED_SELECTOR = YES;
				GCC_WARN_UNINITIALIZED_AUTOS = YES_AGGRESSIVE;
				GCC_WARN_UNUSED_FUNCTION = YES;
				GCC_WARN_UNUSED_VARIABLE = YES;
				IPHONEOS_DEPLOYMENT_TARGET = 16.1;
				MTL_ENABLE_DEBUG_INFO = INCLUDE_SOURCE;
				MTL_FAST_MATH = YES;
				ONLY_ACTIVE_ARCH = YES;
				SDKROOT = iphoneos;
				SWIFT_ACTIVE_COMPILATION_CONDITIONS = DEBUG;
				SWIFT_OPTIMIZATION_LEVEL = "-Onone";
			};
			name = Debug;
		};
		62ECD90229D5C48B008956CE /* Release */ = {
			isa = XCBuildConfiguration;
			buildSettings = {
				ALWAYS_SEARCH_USER_PATHS = NO;
				CLANG_ANALYZER_NONNULL = YES;
				CLANG_ANALYZER_NUMBER_OBJECT_CONVERSION = YES_AGGRESSIVE;
				CLANG_CXX_LANGUAGE_STANDARD = "gnu++20";
				CLANG_ENABLE_MODULES = YES;
				CLANG_ENABLE_OBJC_ARC = YES;
				CLANG_ENABLE_OBJC_WEAK = YES;
				CLANG_WARN_BLOCK_CAPTURE_AUTORELEASING = YES;
				CLANG_WARN_BOOL_CONVERSION = YES;
				CLANG_WARN_COMMA = YES;
				CLANG_WARN_CONSTANT_CONVERSION = YES;
				CLANG_WARN_DEPRECATED_OBJC_IMPLEMENTATIONS = YES;
				CLANG_WARN_DIRECT_OBJC_ISA_USAGE = YES_ERROR;
				CLANG_WARN_DOCUMENTATION_COMMENTS = YES;
				CLANG_WARN_EMPTY_BODY = YES;
				CLANG_WARN_ENUM_CONVERSION = YES;
				CLANG_WARN_INFINITE_RECURSION = YES;
				CLANG_WARN_INT_CONVERSION = YES;
				CLANG_WARN_NON_LITERAL_NULL_CONVERSION = YES;
				CLANG_WARN_OBJC_IMPLICIT_RETAIN_SELF = YES;
				CLANG_WARN_OBJC_LITERAL_CONVERSION = YES;
				CLANG_WARN_OBJC_ROOT_CLASS = YES_ERROR;
				CLANG_WARN_QUOTED_INCLUDE_IN_FRAMEWORK_HEADER = YES;
				CLANG_WARN_RANGE_LOOP_ANALYSIS = YES;
				CLANG_WARN_STRICT_PROTOTYPES = YES;
				CLANG_WARN_SUSPICIOUS_MOVE = YES;
				CLANG_WARN_UNGUARDED_AVAILABILITY = YES_AGGRESSIVE;
				CLANG_WARN_UNREACHABLE_CODE = YES;
				CLANG_WARN__DUPLICATE_METHOD_MATCH = YES;
				COPY_PHASE_STRIP = NO;
				DEBUG_INFORMATION_FORMAT = "dwarf-with-dsym";
				ENABLE_NS_ASSERTIONS = NO;
				ENABLE_STRICT_OBJC_MSGSEND = YES;
				GCC_C_LANGUAGE_STANDARD = gnu11;
				GCC_NO_COMMON_BLOCKS = YES;
				GCC_WARN_64_TO_32_BIT_CONVERSION = YES;
				GCC_WARN_ABOUT_RETURN_TYPE = YES_ERROR;
				GCC_WARN_UNDECLARED_SELECTOR = YES;
				GCC_WARN_UNINITIALIZED_AUTOS = YES_AGGRESSIVE;
				GCC_WARN_UNUSED_FUNCTION = YES;
				GCC_WARN_UNUSED_VARIABLE = YES;
				IPHONEOS_DEPLOYMENT_TARGET = 16.1;
				MTL_ENABLE_DEBUG_INFO = NO;
				MTL_FAST_MATH = YES;
				SDKROOT = iphoneos;
				SWIFT_COMPILATION_MODE = wholemodule;
				SWIFT_OPTIMIZATION_LEVEL = "-O";
				VALIDATE_PRODUCT = YES;
			};
			name = Release;
		};
		62ECD90429D5C48B008956CE /* Debug */ = {
			isa = XCBuildConfiguration;
			baseConfigurationReference = 4B21C33FE2F0D53DF161833A /* Pods-Tracker.debug.xcconfig */;
			buildSettings = {
				ASSETCATALOG_COMPILER_APPICON_NAME = AppIcon;
				ASSETCATALOG_COMPILER_GLOBAL_ACCENT_COLOR_NAME = AccentColor;
				CODE_SIGN_STYLE = Automatic;
				CURRENT_PROJECT_VERSION = 1;
				DEVELOPMENT_TEAM = CWGDZRVFYJ;
				GENERATE_INFOPLIST_FILE = YES;
				INFOPLIST_FILE = Tracker/Info.plist;
				INFOPLIST_KEY_UIApplicationSupportsIndirectInputEvents = YES;
				INFOPLIST_KEY_UILaunchStoryboardName = LaunchScreen;
				INFOPLIST_KEY_UIMainStoryboardFile = Main;
				INFOPLIST_KEY_UISupportedInterfaceOrientations_iPad = "UIInterfaceOrientationPortrait UIInterfaceOrientationPortraitUpsideDown UIInterfaceOrientationLandscapeLeft UIInterfaceOrientationLandscapeRight";
				INFOPLIST_KEY_UISupportedInterfaceOrientations_iPhone = "UIInterfaceOrientationPortrait UIInterfaceOrientationLandscapeLeft UIInterfaceOrientationLandscapeRight";
				IPHONEOS_DEPLOYMENT_TARGET = 13.4;
				LD_RUNPATH_SEARCH_PATHS = (
					"$(inherited)",
					"@executable_path/Frameworks",
				);
				MARKETING_VERSION = 1.0;
				PRODUCT_BUNDLE_IDENTIFIER = ru.yandex.practicum.dmisuvorov.Tracker;
				PRODUCT_NAME = "$(TARGET_NAME)";
				SWIFT_EMIT_LOC_STRINGS = YES;
				SWIFT_VERSION = 5.0;
				TARGETED_DEVICE_FAMILY = "1,2";
			};
			name = Debug;
		};
		62ECD90529D5C48B008956CE /* Release */ = {
			isa = XCBuildConfiguration;
			baseConfigurationReference = 4AB124EF97310D938F17C216 /* Pods-Tracker.release.xcconfig */;
			buildSettings = {
				ASSETCATALOG_COMPILER_APPICON_NAME = AppIcon;
				ASSETCATALOG_COMPILER_GLOBAL_ACCENT_COLOR_NAME = AccentColor;
				CODE_SIGN_STYLE = Automatic;
				CURRENT_PROJECT_VERSION = 1;
				DEVELOPMENT_TEAM = CWGDZRVFYJ;
				GENERATE_INFOPLIST_FILE = YES;
				INFOPLIST_FILE = Tracker/Info.plist;
				INFOPLIST_KEY_UIApplicationSupportsIndirectInputEvents = YES;
				INFOPLIST_KEY_UILaunchStoryboardName = LaunchScreen;
				INFOPLIST_KEY_UIMainStoryboardFile = Main;
				INFOPLIST_KEY_UISupportedInterfaceOrientations_iPad = "UIInterfaceOrientationPortrait UIInterfaceOrientationPortraitUpsideDown UIInterfaceOrientationLandscapeLeft UIInterfaceOrientationLandscapeRight";
				INFOPLIST_KEY_UISupportedInterfaceOrientations_iPhone = "UIInterfaceOrientationPortrait UIInterfaceOrientationLandscapeLeft UIInterfaceOrientationLandscapeRight";
				IPHONEOS_DEPLOYMENT_TARGET = 13.4;
				LD_RUNPATH_SEARCH_PATHS = (
					"$(inherited)",
					"@executable_path/Frameworks",
				);
				MARKETING_VERSION = 1.0;
				PRODUCT_BUNDLE_IDENTIFIER = ru.yandex.practicum.dmisuvorov.Tracker;
				PRODUCT_NAME = "$(TARGET_NAME)";
				SWIFT_EMIT_LOC_STRINGS = YES;
				SWIFT_VERSION = 5.0;
				TARGETED_DEVICE_FAMILY = "1,2";
			};
			name = Release;
		};
/* End XCBuildConfiguration section */

/* Begin XCConfigurationList section */
		62BD1BD92A287C7700859E52 /* Build configuration list for PBXNativeTarget "TrackerTests" */ = {
			isa = XCConfigurationList;
			buildConfigurations = (
				62BD1BDA2A287C7700859E52 /* Debug */,
				62BD1BDB2A287C7700859E52 /* Release */,
			);
			defaultConfigurationIsVisible = 0;
			defaultConfigurationName = Release;
		};
		62ECD8EA29D5C489008956CE /* Build configuration list for PBXProject "Tracker" */ = {
			isa = XCConfigurationList;
			buildConfigurations = (
				62ECD90129D5C48B008956CE /* Debug */,
				62ECD90229D5C48B008956CE /* Release */,
			);
			defaultConfigurationIsVisible = 0;
			defaultConfigurationName = Release;
		};
		62ECD90329D5C48B008956CE /* Build configuration list for PBXNativeTarget "Tracker" */ = {
			isa = XCConfigurationList;
			buildConfigurations = (
				62ECD90429D5C48B008956CE /* Debug */,
				62ECD90529D5C48B008956CE /* Release */,
			);
			defaultConfigurationIsVisible = 0;
			defaultConfigurationName = Release;
		};
/* End XCConfigurationList section */

/* Begin XCRemoteSwiftPackageReference section */
		620A29F52A27ACA80020DC6F /* XCRemoteSwiftPackageReference "swift-snapshot-testing" */ = {
			isa = XCRemoteSwiftPackageReference;
			repositoryURL = "https://github.com/pointfreeco/swift-snapshot-testing.git";
			requirement = {
				kind = exactVersion;
				version = 1.11.0;
			};
		};
/* End XCRemoteSwiftPackageReference section */

/* Begin XCSwiftPackageProductDependency section */
		62BD1BDD2A287CA200859E52 /* SnapshotTesting */ = {
			isa = XCSwiftPackageProductDependency;
			package = 620A29F52A27ACA80020DC6F /* XCRemoteSwiftPackageReference "swift-snapshot-testing" */;
			productName = SnapshotTesting;
		};
/* End XCSwiftPackageProductDependency section */

/* Begin XCVersionGroup section */
		624E09BE2A001738001E1BD2 /* TrackerDataModel.xcdatamodeld */ = {
			isa = XCVersionGroup;
			children = (
				624E09BF2A001738001E1BD2 /* TrackerDataModel.xcdatamodel */,
			);
			currentVersion = 624E09BF2A001738001E1BD2 /* TrackerDataModel.xcdatamodel */;
			path = TrackerDataModel.xcdatamodeld;
			sourceTree = "<group>";
			versionGroupType = wrapper.xcdatamodel;
		};
/* End XCVersionGroup section */
	};
	rootObject = 62ECD8E729D5C489008956CE /* Project object */;
}
